PODS:
  - Bolts (1.9.0):
    - Bolts/AppLinks (= 1.9.0)
    - Bolts/Tasks (= 1.9.0)
  - Bolts/AppLinks (1.9.0):
    - Bolts/Tasks
  - Bolts/Tasks (1.9.0)
  - Crashlytics (3.10.1):
    - Fabric (~> 1.7.5)
  - Fabric (1.7.5)
  - FBSDKCoreKit (4.31.0):
    - Bolts (~> 1.7)
  - FBSDKLoginKit (4.31.0):
    - FBSDKCoreKit
  - FBSDKShareKit (4.31.0):
    - FBSDKCoreKit (~> 4.31.0)
  - Firebase (4.9.0):
    - Firebase/Core (= 4.9.0)
  - Firebase/Auth (4.9.0):
    - Firebase/Core
    - FirebaseAuth (= 4.4.3)
  - Firebase/Core (4.9.0):
    - FirebaseAnalytics (= 4.0.9)
    - FirebaseCore (= 4.0.15)
  - Firebase/Crash (4.9.0):
    - Firebase/Core
    - FirebaseCrash (= 2.0.2)
  - Firebase/Database (4.9.0):
    - Firebase/Core
    - FirebaseDatabase (= 4.1.4)
  - Firebase/Messaging (4.9.0):
    - Firebase/Core
    - FirebaseMessaging (= 2.1.0)
  - Firebase/RemoteConfig (4.9.0):
    - Firebase/Core
    - FirebaseRemoteConfig (= 2.1.2)
  - Firebase/Storage (4.9.0):
    - Firebase/Core
    - FirebaseStorage (= 2.1.2)
  - FirebaseABTesting (1.0.0):
    - FirebaseCore (~> 4.0)
    - Protobuf (~> 3.1)
  - FirebaseAnalytics (4.0.9):
    - FirebaseCore (~> 4.0)
    - FirebaseInstanceID (~> 2.0)
    - GoogleToolboxForMac/NSData+zlib (~> 2.1)
    - nanopb (~> 0.3)
  - FirebaseAuth (4.4.3):
    - FirebaseAnalytics (~> 4.0)
    - GoogleToolboxForMac/NSDictionary+URLArguments (~> 2.1)
    - GTMSessionFetcher/Core (~> 1.1)
  - FirebaseCore (4.0.15):
    - GoogleToolboxForMac/NSData+zlib (~> 2.1)
  - FirebaseCrash (2.0.2):
    - FirebaseAnalytics (~> 4.0)
    - FirebaseInstanceID (~> 2.0)
    - GoogleToolboxForMac/Logger (~> 2.1)
    - GoogleToolboxForMac/NSData+zlib (~> 2.1)
    - Protobuf (~> 3.1)
  - FirebaseDatabase (4.1.4):
    - FirebaseAnalytics (~> 4.0)
    - FirebaseCore (~> 4.0)
    - leveldb-library (~> 1.18)
  - FirebaseInstanceID (2.0.9):
    - FirebaseCore (~> 4.0)
  - FirebaseMessaging (2.1.0):
    - FirebaseAnalytics (~> 4.0)
    - FirebaseCore (~> 4.0)
    - FirebaseInstanceID (~> 2.0)
    - GoogleToolboxForMac/Logger (~> 2.1)
    - Protobuf (~> 3.1)
  - FirebaseRemoteConfig (2.1.2):
    - FirebaseABTesting (~> 1.0)
    - FirebaseAnalytics (~> 4.0)
    - FirebaseCore (~> 4.0)
    - FirebaseInstanceID (~> 2.0)
    - GoogleToolboxForMac/NSData+zlib (~> 2.1)
    - Protobuf (~> 3.1)
  - FirebaseStorage (2.1.2):
    - FirebaseAnalytics (~> 4.0)
    - FirebaseCore (~> 4.0)
    - GTMSessionFetcher/Core (~> 1.1)
  - GoogleToolboxForMac/DebugUtils (2.1.3):
    - GoogleToolboxForMac/Defines (= 2.1.3)
  - GoogleToolboxForMac/Defines (2.1.3)
  - GoogleToolboxForMac/Logger (2.1.3):
    - GoogleToolboxForMac/Defines (= 2.1.3)
  - GoogleToolboxForMac/NSData+zlib (2.1.3):
    - GoogleToolboxForMac/Defines (= 2.1.3)
  - GoogleToolboxForMac/NSDictionary+URLArguments (2.1.3):
    - GoogleToolboxForMac/DebugUtils (= 2.1.3)
    - GoogleToolboxForMac/Defines (= 2.1.3)
    - GoogleToolboxForMac/NSString+URLArguments (= 2.1.3)
  - GoogleToolboxForMac/NSString+URLArguments (2.1.3)
  - GTMSessionFetcher/Core (1.1.14)
  - leveldb-library (1.20)
  - Mixpanel (3.2.7)
  - nanopb (0.3.8):
    - nanopb/decode (= 0.3.8)
    - nanopb/encode (= 0.3.8)
  - nanopb/decode (0.3.8)
  - nanopb/encode (0.3.8)
  - Protobuf (3.5.0)
  - React (0.50.2):
    - React/Core (= 0.50.2)
  - React/Core (0.50.2):
    - yoga (= 0.50.2.React)
  - RNFirebase (3.1.1):
    - React
  - yoga (0.50.2.React)

DEPENDENCIES:
  - Crashlytics
  - Fabric
  - FBSDKCoreKit
  - FBSDKLoginKit
  - FBSDKShareKit
  - Firebase
  - Firebase/Auth
  - Firebase/Core
  - Firebase/Crash
  - Firebase/Database
  - Firebase/Messaging
  - Firebase/RemoteConfig
  - Firebase/Storage
  - Mixpanel
  - React (from `../node_modules/react-native`)
  - RNFirebase (from `../node_modules/react-native-firebase`)
  - yoga (from `../node_modules/react-native/ReactCommon/yoga`)

EXTERNAL SOURCES:
  React:
    :path: ../node_modules/react-native
  RNFirebase:
    :path: ../node_modules/react-native-firebase
  yoga:
    :path: ../node_modules/react-native/ReactCommon/yoga

SPEC CHECKSUMS:
  Bolts: ac6567323eac61e203f6a9763667d0f711be34c8
  Crashlytics: aee1a064cbbf99b32efa3f056a5f458d846bc8ff
  Fabric: ae7146a5f505ea370a1e44820b4b1dc8890e2890
  FBSDKCoreKit: 54db4c581123745d25a9f7c1608020b3aeabd118
  FBSDKLoginKit: 95a252ddffd6919c0f132a02292f0824616d8709
  FBSDKShareKit: 7c3a2e6bb5be15676aebe256444afb18c5d238b3
  Firebase: 632216af3ed7f31e3be34776947fdc7546cfb572
  FirebaseABTesting: d07d0ee833b842d5153549e4c7e2e2cb1c23a3f9
  FirebaseAnalytics: 388b630c15713f5dbf364071f5f3d6077fb52f4e
  FirebaseAuth: aaaf68d5064a6c8fec435758f83a43b8db26ccaa
  FirebaseCore: 3bd047463058fa6b5d312c97502c52e45401cdfb
  FirebaseCrash: cded0fc566c03651aea606a101bc156085f333ca
  FirebaseDatabase: de4446507ccd3257fca37d16f40e1540324571fd
  FirebaseInstanceID: d2058a35e9bebda1b6dd42486b84917bde552a9d
  FirebaseMessaging: 2bafab2d0f3ab3dfd753101c2c32995c2051b5da
  FirebaseRemoteConfig: df64ce784a45e9b9d4988030a59da6baede8bdb0
  FirebaseStorage: 181bb543d39ee3c53e0558de7ba86b1286a0427f
  GoogleToolboxForMac: 2501e2ad72a52eb3dfe7bd9aee7dad11b858bd20
  GTMSessionFetcher: 390ea358e5a0d0133153806f744662dad933d06b
  leveldb-library: 08cba283675b7ed2d99629a4bc5fd052cd2bb6a5
  Mixpanel: 34568617004230e044428caebc7b515d22e80baa
  nanopb: 5601e6bca2dbf1ed831b519092ec110f66982ca3
  Protobuf: 8a9838fba8dae3389230e1b7f8c104aa32389c03
  React: 541ba768b9855e10cdc76f55427a5cd0653ca806
  RNFirebase: 553eb775cc87de5c7f420128b949b83ab99f1536
  yoga: 17521bbb0dd54a47c0b3ac43253e78cdac7488e0

PODFILE CHECKSUM: e4fe95659ab5be07ce466e92f3dcd68003c2e465

COCOAPODS: 1.4.0
