PODS:
  - Crashlytics (3.7.0):
    - Fabric (~> 1.6.3)
  - Fabric (1.6.7)
  - Mixpanel (2.9.6):
    - Mixpanel/Mixpanel (= 2.9.6)
  - Mixpanel/Mixpanel (2.9.6)
  - react-native-mixpanel (0.0.6):
    - Mixpanel
  - React/Core (0.25.1)
  - React/RCTActionSheet (0.25.1):
    - React/Core
  - React/RCTGeolocation (0.25.1):
    - React/Core
  - React/RCTImage (0.25.1):
    - React/Core
    - React/RCTNetwork
  - React/RCTLinkingIOS (0.25.1):
    - React/Core
  - React/RCTNetwork (0.25.1):
    - React/Core
  - React/RCTPushNotification (0.25.1):
    - React/Core
  - React/RCTText (0.25.1):
    - React/Core
  - React/RCTVibration (0.25.1):
    - React/Core
  - React/RCTWebSocket (0.25.1):
    - React/Core

DEPENDENCIES:
  - Crashlytics
  - Fabric
  - Mixpanel
  - react-native-mixpanel (from `../node_modules/react-native-mixpanel`)
  - React/Core (from `../node_modules/react-native`)
  - React/RCTActionSheet (from `../node_modules/react-native`)
  - React/RCTGeolocation (from `../node_modules/react-native`)
  - React/RCTImage (from `../node_modules/react-native`)
  - React/RCTLinkingIOS (from `../node_modules/react-native`)
  - React/RCTNetwork (from `../node_modules/react-native`)
  - React/RCTPushNotification (from `../node_modules/react-native`)
  - React/RCTText (from `../node_modules/react-native`)
  - React/RCTVibration (from `../node_modules/react-native`)
  - React/RCTWebSocket (from `../node_modules/react-native`)

EXTERNAL SOURCES:
  React:
    :path: "../node_modules/react-native"
  react-native-mixpanel:
    :path: "../node_modules/react-native-mixpanel"

SPEC CHECKSUMS:
  Crashlytics: c3a2333dea9e2733d2777f730910321fc9e25c0d
  Fabric: caf7580c725e64db144f610ac65cd60956911dc7
  Mixpanel: 048a9f2512ac1bb8bfdecf719da024873f50a9c2
  React: b35b2b2e07273da1f7266ab2975e0d1033bd913d
  react-native-mixpanel: 1e7937b363cde6aa993bdabdc8c045065fb4515c

PODFILE CHECKSUM: 6f3bad74d93abaa232583dd1ecf58db3a5ed419e

COCOAPODS: 1.0.0
